// !$*UTF8*$!
{
	archiveVersion = 1;
	classes = {
	};
	objectVersion = 51;
	objects = {

/* Begin PBXBuildFile section */
		8ED0CC4A66E5D35BA38439BB /* Pods_RealmApp.framework in Frameworks */ = {isa = PBXBuildFile; fileRef = 85FD0D010F9B443EC5A9BFAD /* Pods_RealmApp.framework */; };
		A8215EB4260286CB0081E69A /* Extension + UITableViewCell.swift in Sources */ = {isa = PBXBuildFile; fileRef = A8215EB3260286CB0081E69A /* Extension + UITableViewCell.swift */; };
		A872A10F20E9D82400ECE2BA /* AppDelegate.swift in Sources */ = {isa = PBXBuildFile; fileRef = A872A10E20E9D82400ECE2BA /* AppDelegate.swift */; };
		A872A11420E9D82400ECE2BA /* Main.storyboard in Resources */ = {isa = PBXBuildFile; fileRef = A872A11220E9D82400ECE2BA /* Main.storyboard */; };
		A872A11620E9D82600ECE2BA /* Assets.xcassets in Resources */ = {isa = PBXBuildFile; fileRef = A872A11520E9D82600ECE2BA /* Assets.xcassets */; };
		A872A11920E9D82600ECE2BA /* LaunchScreen.storyboard in Resources */ = {isa = PBXBuildFile; fileRef = A872A11720E9D82600ECE2BA /* LaunchScreen.storyboard */; };
		A872A12120E9D87400ECE2BA /* TaskListViewController.swift in Sources */ = {isa = PBXBuildFile; fileRef = A872A12020E9D87400ECE2BA /* TaskListViewController.swift */; };
		A872A12320E9D88E00ECE2BA /* TasksViewController.swift in Sources */ = {isa = PBXBuildFile; fileRef = A872A12220E9D88E00ECE2BA /* TasksViewController.swift */; };
		A88A933025FE89FE00B83C69 /* TaskList.swift in Sources */ = {isa = PBXBuildFile; fileRef = A88A932F25FE89FE00B83C69 /* TaskList.swift */; };
		A88A933325FE8F3400B83C69 /* StorageManager.swift in Sources */ = {isa = PBXBuildFile; fileRef = A88A933225FE8F3400B83C69 /* StorageManager.swift */; };
		A8E78FE9241A76EE00E66973 /* AlertController.swift in Sources */ = {isa = PBXBuildFile; fileRef = A8E78FE8241A76EE00E66973 /* AlertController.swift */; };
/* End PBXBuildFile section */

/* Begin PBXFileReference section */
		194B2E8718BCD7E5FFB4AE77 /* Pods-RealmApp.release.xcconfig */ = {isa = PBXFileReference; includeInIndex = 1; lastKnownFileType = text.xcconfig; name = "Pods-RealmApp.release.xcconfig"; path = "Target Support Files/Pods-RealmApp/Pods-RealmApp.release.xcconfig"; sourceTree = "<group>"; };
		85FD0D010F9B443EC5A9BFAD /* Pods_RealmApp.framework */ = {isa = PBXFileReference; explicitFileType = wrapper.framework; includeInIndex = 0; path = Pods_RealmApp.framework; sourceTree = BUILT_PRODUCTS_DIR; };
		9FF1FFFD5ED6A4A5029EAF9E /* Pods-RealmApp.debug.xcconfig */ = {isa = PBXFileReference; includeInIndex = 1; lastKnownFileType = text.xcconfig; name = "Pods-RealmApp.debug.xcconfig"; path = "Target Support Files/Pods-RealmApp/Pods-RealmApp.debug.xcconfig"; sourceTree = "<group>"; };
		A8215EB3260286CB0081E69A /* Extension + UITableViewCell.swift */ = {isa = PBXFileReference; lastKnownFileType = sourcecode.swift; path = "Extension + UITableViewCell.swift"; sourceTree = "<group>"; };
		A872A10B20E9D82400ECE2BA /* RealmApp.app */ = {isa = PBXFileReference; explicitFileType = wrapper.application; includeInIndex = 0; path = RealmApp.app; sourceTree = BUILT_PRODUCTS_DIR; };
		A872A10E20E9D82400ECE2BA /* AppDelegate.swift */ = {isa = PBXFileReference; lastKnownFileType = sourcecode.swift; path = AppDelegate.swift; sourceTree = "<group>"; };
		A872A11320E9D82400ECE2BA /* Base */ = {isa = PBXFileReference; lastKnownFileType = file.storyboard; name = Base; path = Base.lproj/Main.storyboard; sourceTree = "<group>"; };
		A872A11520E9D82600ECE2BA /* Assets.xcassets */ = {isa = PBXFileReference; lastKnownFileType = folder.assetcatalog; path = Assets.xcassets; sourceTree = "<group>"; };
		A872A11820E9D82600ECE2BA /* Base */ = {isa = PBXFileReference; lastKnownFileType = file.storyboard; name = Base; path = Base.lproj/LaunchScreen.storyboard; sourceTree = "<group>"; };
		A872A11A20E9D82600ECE2BA /* Info.plist */ = {isa = PBXFileReference; lastKnownFileType = text.plist.xml; path = Info.plist; sourceTree = "<group>"; };
		A872A12020E9D87400ECE2BA /* TaskListViewController.swift */ = {isa = PBXFileReference; lastKnownFileType = sourcecode.swift; path = TaskListViewController.swift; sourceTree = "<group>"; };
		A872A12220E9D88E00ECE2BA /* TasksViewController.swift */ = {isa = PBXFileReference; lastKnownFileType = sourcecode.swift; path = TasksViewController.swift; sourceTree = "<group>"; };
		A88A932F25FE89FE00B83C69 /* TaskList.swift */ = {isa = PBXFileReference; lastKnownFileType = sourcecode.swift; path = TaskList.swift; sourceTree = "<group>"; };
		A88A933225FE8F3400B83C69 /* StorageManager.swift */ = {isa = PBXFileReference; lastKnownFileType = sourcecode.swift; path = StorageManager.swift; sourceTree = "<group>"; };
		A8E78FE8241A76EE00E66973 /* AlertController.swift */ = {isa = PBXFileReference; lastKnownFileType = sourcecode.swift; path = AlertController.swift; sourceTree = "<group>"; };
/* End PBXFileReference section */

/* Begin PBXFrameworksBuildPhase section */
		A872A10820E9D82400ECE2BA /* Frameworks */ = {
			isa = PBXFrameworksBuildPhase;
			buildActionMask = 2147483647;
			files = (
				8ED0CC4A66E5D35BA38439BB /* Pods_RealmApp.framework in Frameworks */,
			);
			runOnlyForDeploymentPostprocessing = 0;
		};
/* End PBXFrameworksBuildPhase section */

/* Begin PBXGroup section */
		5562099542C59E369DD4650A /* Pods */ = {
			isa = PBXGroup;
			children = (
				9FF1FFFD5ED6A4A5029EAF9E /* Pods-RealmApp.debug.xcconfig */,
				194B2E8718BCD7E5FFB4AE77 /* Pods-RealmApp.release.xcconfig */,
			);
			path = Pods;
			sourceTree = "<group>";
		};
		772976C819E0C937071C4514 /* Frameworks */ = {
			isa = PBXGroup;
			children = (
				85FD0D010F9B443EC5A9BFAD /* Pods_RealmApp.framework */,
			);
			name = Frameworks;
			sourceTree = "<group>";
		};
		A81BC31C256FED21002D9595 /* ViewControllers */ = {
			isa = PBXGroup;
			children = (
				A872A12020E9D87400ECE2BA /* TaskListViewController.swift */,
				A872A12220E9D88E00ECE2BA /* TasksViewController.swift */,
				A8E78FE8241A76EE00E66973 /* AlertController.swift */,
				A8215EB3260286CB0081E69A /* Extension + UITableViewCell.swift */,
			);
			path = ViewControllers;
			sourceTree = "<group>";
		};
		A81BC31E256FED30002D9595 /* Models */ = {
			isa = PBXGroup;
			children = (
				A88A932F25FE89FE00B83C69 /* TaskList.swift */,
			);
			path = Models;
			sourceTree = "<group>";
		};
		A81BC31F256FED3D002D9595 /* Services */ = {
			isa = PBXGroup;
			children = (
				A88A933225FE8F3400B83C69 /* StorageManager.swift */,
			);
			path = Services;
			sourceTree = "<group>";
		};
		A872A10220E9D82400ECE2BA = {
			isa = PBXGroup;
			children = (
				A872A10D20E9D82400ECE2BA /* RealmApp */,
				A872A10C20E9D82400ECE2BA /* Products */,
				5562099542C59E369DD4650A /* Pods */,
				772976C819E0C937071C4514 /* Frameworks */,
			);
			sourceTree = "<group>";
		};
		A872A10C20E9D82400ECE2BA /* Products */ = {
			isa = PBXGroup;
			children = (
				A872A10B20E9D82400ECE2BA /* RealmApp.app */,
			);
			name = Products;
			sourceTree = "<group>";
		};
		A872A10D20E9D82400ECE2BA /* RealmApp */ = {
			isa = PBXGroup;
			children = (
				A81BC31C256FED21002D9595 /* ViewControllers */,
				A81BC31E256FED30002D9595 /* Models */,
				A81BC31F256FED3D002D9595 /* Services */,
				A872A10E20E9D82400ECE2BA /* AppDelegate.swift */,
				A872A11220E9D82400ECE2BA /* Main.storyboard */,
				A872A11520E9D82600ECE2BA /* Assets.xcassets */,
				A872A11720E9D82600ECE2BA /* LaunchScreen.storyboard */,
				A872A11A20E9D82600ECE2BA /* Info.plist */,
			);
			path = RealmApp;
			sourceTree = "<group>";
		};
/* End PBXGroup section */

/* Begin PBXNativeTarget section */
		A872A10A20E9D82400ECE2BA /* RealmApp */ = {
			isa = PBXNativeTarget;
			buildConfigurationList = A872A11D20E9D82600ECE2BA /* Build configuration list for PBXNativeTarget "RealmApp" */;
			buildPhases = (
				1B423BDB623DCDBFAC0A9477 /* [CP] Check Pods Manifest.lock */,
				A872A10720E9D82400ECE2BA /* Sources */,
				A872A10820E9D82400ECE2BA /* Frameworks */,
				A872A10920E9D82400ECE2BA /* Resources */,
				12A646A9A075C49B3942FE96 /* [CP] Embed Pods Frameworks */,
			);
			buildRules = (
			);
			dependencies = (
			);
			name = RealmApp;
			productName = RealmApp;
			productReference = A872A10B20E9D82400ECE2BA /* RealmApp.app */;
			productType = "com.apple.product-type.application";
		};
/* End PBXNativeTarget section */

/* Begin PBXProject section */
		A872A10320E9D82400ECE2BA /* Project object */ = {
			isa = PBXProject;
			attributes = {
				LastSwiftUpdateCheck = 1000;
				LastUpgradeCheck = 1220;
				ORGANIZATIONNAME = "";
				TargetAttributes = {
					A872A10A20E9D82400ECE2BA = {
						CreatedOnToolsVersion = 10.0;
						LastSwiftMigration = 1030;
					};
				};
			};
			buildConfigurationList = A872A10620E9D82400ECE2BA /* Build configuration list for PBXProject "RealmApp" */;
			compatibilityVersion = "Xcode 9.3";
			developmentRegion = en;
			hasScannedForEncodings = 0;
			knownRegions = (
				en,
				Base,
			);
			mainGroup = A872A10220E9D82400ECE2BA;
			productRefGroup = A872A10C20E9D82400ECE2BA /* Products */;
			projectDirPath = "";
			projectRoot = "";
			targets = (
				A872A10A20E9D82400ECE2BA /* RealmApp */,
			);
		};
/* End PBXProject section */

/* Begin PBXResourcesBuildPhase section */
		A872A10920E9D82400ECE2BA /* Resources */ = {
			isa = PBXResourcesBuildPhase;
			buildActionMask = 2147483647;
			files = (
				A872A11920E9D82600ECE2BA /* LaunchScreen.storyboard in Resources */,
				A872A11620E9D82600ECE2BA /* Assets.xcassets in Resources */,
				A872A11420E9D82400ECE2BA /* Main.storyboard in Resources */,
			);
			runOnlyForDeploymentPostprocessing = 0;
		};
/* End PBXResourcesBuildPhase section */

/* Begin PBXShellScriptBuildPhase section */
		12A646A9A075C49B3942FE96 /* [CP] Embed Pods Frameworks */ = {
			isa = PBXShellScriptBuildPhase;
			buildActionMask = 2147483647;
			files = (
			);
			inputFileListPaths = (
				"${PODS_ROOT}/Target Support Files/Pods-RealmApp/Pods-RealmApp-frameworks-${CONFIGURATION}-input-files.xcfilelist",
			);
			name = "[CP] Embed Pods Frameworks";
			outputFileListPaths = (
				"${PODS_ROOT}/Target Support Files/Pods-RealmApp/Pods-RealmApp-frameworks-${CONFIGURATION}-output-files.xcfilelist",
			);
			runOnlyForDeploymentPostprocessing = 0;
			shellPath = /bin/sh;
			shellScript = "\"${PODS_ROOT}/Target Support Files/Pods-RealmApp/Pods-RealmApp-frameworks.sh\"\n";
			showEnvVarsInLog = 0;
		};
		1B423BDB623DCDBFAC0A9477 /* [CP] Check Pods Manifest.lock */ = {
			isa = PBXShellScriptBuildPhase;
			buildActionMask = 2147483647;
			files = (
			);
			inputFileListPaths = (
			);
			inputPaths = (
				"${PODS_PODFILE_DIR_PATH}/Podfile.lock",
				"${PODS_ROOT}/Manifest.lock",
			);
			name = "[CP] Check Pods Manifest.lock";
			outputFileListPaths = (
			);
			outputPaths = (
				"$(DERIVED_FILE_DIR)/Pods-RealmApp-checkManifestLockResult.txt",
			);
			runOnlyForDeploymentPostprocessing = 0;
			shellPath = /bin/sh;
			shellScript = "diff \"${PODS_PODFILE_DIR_PATH}/Podfile.lock\" \"${PODS_ROOT}/Manifest.lock\" > /dev/null\nif [ $? != 0 ] ; then\n    # print error to STDERR\n    echo \"error: The sandbox is not in sync with the Podfile.lock. Run 'pod install' or update your CocoaPods installation.\" >&2\n    exit 1\nfi\n# This output is used by Xcode 'outputs' to avoid re-running this script phase.\necho \"SUCCESS\" > \"${SCRIPT_OUTPUT_FILE_0}\"\n";
			showEnvVarsInLog = 0;
		};
/* End PBXShellScriptBuildPhase section */

/* Begin PBXSourcesBuildPhase section */
		A872A10720E9D82400ECE2BA /* Sources */ = {
			isa = PBXSourcesBuildPhase;
			buildActionMask = 2147483647;
			files = (
				A8E78FE9241A76EE00E66973 /* AlertController.swift in Sources */,
				A88A933025FE89FE00B83C69 /* TaskList.swift in Sources */,
				A872A10F20E9D82400ECE2BA /* AppDelegate.swift in Sources */,
				A88A933325FE8F3400B83C69 /* StorageManager.swift in Sources */,
				A8215EB4260286CB0081E69A /* Extension + UITableViewCell.swift in Sources */,
				A872A12120E9D87400ECE2BA /* TaskListViewController.swift in Sources */,
				A872A12320E9D88E00ECE2BA /* TasksViewController.swift in Sources */,
			);
			runOnlyForDeploymentPostprocessing = 0;
		};
/* End PBXSourcesBuildPhase section */

/* Begin PBXVariantGroup section */
		A872A11220E9D82400ECE2BA /* Main.storyboard */ = {
			isa = PBXVariantGroup;
			children = (
				A872A11320E9D82400ECE2BA /* Base */,
			);
			name = Main.storyboard;
			sourceTree = "<group>";
		};
		A872A11720E9D82600ECE2BA /* LaunchScreen.storyboard */ = {
			isa = PBXVariantGroup;
			children = (
				A872A11820E9D82600ECE2BA /* Base */,
			);
			name = LaunchScreen.storyboard;
			sourceTree = "<group>";
		};
/* End PBXVariantGroup section */

/* Begin XCBuildConfiguration section */
		A872A11B20E9D82600ECE2BA /* Debug */ = {
			isa = XCBuildConfiguration;
			buildSettings = {
				ALWAYS_SEARCH_USER_PATHS = NO;
				CLANG_ANALYZER_NONNULL = YES;
				CLANG_ANALYZER_NUMBER_OBJECT_CONVERSION = YES_AGGRESSIVE;
				CLANG_CXX_LANGUAGE_STANDARD = "gnu++14";
				CLANG_CXX_LIBRARY = "libc++";
				CLANG_ENABLE_MODULES = YES;
				CLANG_ENABLE_OBJC_ARC = YES;
				CLANG_ENABLE_OBJC_WEAK = YES;
				CLANG_WARN_BLOCK_CAPTURE_AUTORELEASING = YES;
				CLANG_WARN_BOOL_CONVERSION = YES;
				CLANG_WARN_COMMA = YES;
				CLANG_WARN_CONSTANT_CONVERSION = YES;
				CLANG_WARN_DEPRECATED_OBJC_IMPLEMENTATIONS = YES;
				CLANG_WARN_DIRECT_OBJC_ISA_USAGE = YES_ERROR;
				CLANG_WARN_DOCUMENTATION_COMMENTS = YES;
				CLANG_WARN_EMPTY_BODY = YES;
				CLANG_WARN_ENUM_CONVERSION = YES;
				CLANG_WARN_INFINITE_RECURSION = YES;
				CLANG_WARN_INT_CONVERSION = YES;
				CLANG_WARN_NON_LITERAL_NULL_CONVERSION = YES;
				CLANG_WARN_OBJC_IMPLICIT_RETAIN_SELF = YES;
				CLANG_WARN_OBJC_LITERAL_CONVERSION = YES;
				CLANG_WARN_OBJC_ROOT_CLASS = YES_ERROR;
				CLANG_WARN_QUOTED_INCLUDE_IN_FRAMEWORK_HEADER = YES;
				CLANG_WARN_RANGE_LOOP_ANALYSIS = YES;
				CLANG_WARN_STRICT_PROTOTYPES = YES;
				CLANG_WARN_SUSPICIOUS_MOVE = YES;
				CLANG_WARN_UNGUARDED_AVAILABILITY = YES_AGGRESSIVE;
				CLANG_WARN_UNREACHABLE_CODE = YES;
				CLANG_WARN__DUPLICATE_METHOD_MATCH = YES;
				CODE_SIGN_IDENTITY = "iPhone Developer";
				COPY_PHASE_STRIP = NO;
				DEBUG_INFORMATION_FORMAT = dwarf;
				ENABLE_STRICT_OBJC_MSGSEND = YES;
				ENABLE_TESTABILITY = YES;
				GCC_C_LANGUAGE_STANDARD = gnu11;
				GCC_DYNAMIC_NO_PIC = NO;
				GCC_NO_COMMON_BLOCKS = YES;
				GCC_OPTIMIZATION_LEVEL = 0;
				GCC_PREPROCESSOR_DEFINITIONS = (
					"DEBUG=1",
					"$(inherited)",
				);
				GCC_WARN_64_TO_32_BIT_CONVERSION = YES;
				GCC_WARN_ABOUT_RETURN_TYPE = YES_ERROR;
				GCC_WARN_UNDECLARED_SELECTOR = YES;
				GCC_WARN_UNINITIALIZED_AUTOS = YES_AGGRESSIVE;
				GCC_WARN_UNUSED_FUNCTION = YES;
				GCC_WARN_UNUSED_VARIABLE = YES;
				IPHONEOS_DEPLOYMENT_TARGET = 14.0;
				MTL_ENABLE_DEBUG_INFO = INCLUDE_SOURCE;
				ONLY_ACTIVE_ARCH = YES;
				SDKROOT = iphoneos;
				SWIFT_ACTIVE_COMPILATION_CONDITIONS = DEBUG;
				SWIFT_OPTIMIZATION_LEVEL = "-Onone";
			};
			name = Debug;
		};
		A872A11C20E9D82600ECE2BA /* Release */ = {
			isa = XCBuildConfiguration;
			buildSettings = {
				ALWAYS_SEARCH_USER_PATHS = NO;
				CLANG_ANALYZER_NONNULL = YES;
				CLANG_ANALYZER_NUMBER_OBJECT_CONVERSION = YES_AGGRESSIVE;
				CLANG_CXX_LANGUAGE_STANDARD = "gnu++14";
				CLANG_CXX_LIBRARY = "libc++";
				CLANG_ENABLE_MODULES = YES;
				CLANG_ENABLE_OBJC_ARC = YES;
				CLANG_ENABLE_OBJC_WEAK = YES;
				CLANG_WARN_BLOCK_CAPTURE_AUTORELEASING = YES;
				CLANG_WARN_BOOL_CONVERSION = YES;
				CLANG_WARN_COMMA = YES;
				CLANG_WARN_CONSTANT_CONVERSION = YES;
				CLANG_WARN_DEPRECATED_OBJC_IMPLEMENTATIONS = YES;
				CLANG_WARN_DIRECT_OBJC_ISA_USAGE = YES_ERROR;
				CLANG_WARN_DOCUMENTATION_COMMENTS = YES;
				CLANG_WARN_EMPTY_BODY = YES;
				CLANG_WARN_ENUM_CONVERSION = YES;
				CLANG_WARN_INFINITE_RECURSION = YES;
				CLANG_WARN_INT_CONVERSION = YES;
				CLANG_WARN_NON_LITERAL_NULL_CONVERSION = YES;
				CLANG_WARN_OBJC_IMPLICIT_RETAIN_SELF = YES;
				CLANG_WARN_OBJC_LITERAL_CONVERSION = YES;
				CLANG_WARN_OBJC_ROOT_CLASS = YES_ERROR;
				CLANG_WARN_QUOTED_INCLUDE_IN_FRAMEWORK_HEADER = YES;
				CLANG_WARN_RANGE_LOOP_ANALYSIS = YES;
				CLANG_WARN_STRICT_PROTOTYPES = YES;
				CLANG_WARN_SUSPICIOUS_MOVE = YES;
				CLANG_WARN_UNGUARDED_AVAILABILITY = YES_AGGRESSIVE;
				CLANG_WARN_UNREACHABLE_CODE = YES;
				CLANG_WARN__DUPLICATE_METHOD_MATCH = YES;
				CODE_SIGN_IDENTITY = "iPhone Developer";
				COPY_PHASE_STRIP = NO;
				DEBUG_INFORMATION_FORMAT = "dwarf-with-dsym";
				ENABLE_NS_ASSERTIONS = NO;
				ENABLE_STRICT_OBJC_MSGSEND = YES;
				GCC_C_LANGUAGE_STANDARD = gnu11;
				GCC_NO_COMMON_BLOCKS = YES;
				GCC_WARN_64_TO_32_BIT_CONVERSION = YES;
				GCC_WARN_ABOUT_RETURN_TYPE = YES_ERROR;
				GCC_WARN_UNDECLARED_SELECTOR = YES;
				GCC_WARN_UNINITIALIZED_AUTOS = YES_AGGRESSIVE;
				GCC_WARN_UNUSED_FUNCTION = YES;
				GCC_WARN_UNUSED_VARIABLE = YES;
				IPHONEOS_DEPLOYMENT_TARGET = 14.0;
				MTL_ENABLE_DEBUG_INFO = NO;
				SDKROOT = iphoneos;
				SWIFT_COMPILATION_MODE = wholemodule;
				SWIFT_OPTIMIZATION_LEVEL = "-O";
				VALIDATE_PRODUCT = YES;
			};
			name = Release;
		};
		A872A11E20E9D82600ECE2BA /* Debug */ = {
			isa = XCBuildConfiguration;
			baseConfigurationReference = 9FF1FFFD5ED6A4A5029EAF9E /* Pods-RealmApp.debug.xcconfig */;
			buildSettings = {
				ASSETCATALOG_COMPILER_APPICON_NAME = AppIcon;
				CODE_SIGN_STYLE = Automatic;
				DEVELOPMENT_TEAM = L26VXXY959;
				INFOPLIST_FILE = RealmApp/Info.plist;
				IPHONEOS_DEPLOYMENT_TARGET = 14.0;
				LD_RUNPATH_SEARCH_PATHS = (
					"$(inherited)",
					"@executable_path/Frameworks",
				);
				PRODUCT_BUNDLE_IDENTIFIER = aaron.gulbudagyan;
				PRODUCT_NAME = "$(TARGET_NAME)";
				SWIFT_VERSION = 5.0;
				TARGETED_DEVICE_FAMILY = 1;
			};
			name = Debug;
		};
		A872A11F20E9D82600ECE2BA /* Release */ = {
			isa = XCBuildConfiguration;
			baseConfigurationReference = 194B2E8718BCD7E5FFB4AE77 /* Pods-RealmApp.release.xcconfig */;
			buildSettings = {
				ASSETCATALOG_COMPILER_APPICON_NAME = AppIcon;
				CODE_SIGN_STYLE = Automatic;
				DEVELOPMENT_TEAM = L26VXXY959;
				INFOPLIST_FILE = RealmApp/Info.plist;
				IPHONEOS_DEPLOYMENT_TARGET = 14.0;
				LD_RUNPATH_SEARCH_PATHS = (
					"$(inherited)",
					"@executable_path/Frameworks",
				);
				PRODUCT_BUNDLE_IDENTIFIER = aaron.gulbudagyan;
				PRODUCT_NAME = "$(TARGET_NAME)";
				SWIFT_VERSION = 5.0;
				TARGETED_DEVICE_FAMILY = 1;
			};
			name = Release;
		};
/* End XCBuildConfiguration section */

/* Begin XCConfigurationList section */
		A872A10620E9D82400ECE2BA /* Build configuration list for PBXProject "RealmApp" */ = {
			isa = XCConfigurationList;
			buildConfigurations = (
				A872A11B20E9D82600ECE2BA /* Debug */,
				A872A11C20E9D82600ECE2BA /* Release */,
			);
			defaultConfigurationIsVisible = 0;
			defaultConfigurationName = Release;
		};
		A872A11D20E9D82600ECE2BA /* Build configuration list for PBXNativeTarget "RealmApp" */ = {
			isa = XCConfigurationList;
			buildConfigurations = (
				A872A11E20E9D82600ECE2BA /* Debug */,
				A872A11F20E9D82600ECE2BA /* Release */,
			);
			defaultConfigurationIsVisible = 0;
			defaultConfigurationName = Release;
		};
/* End XCConfigurationList section */
	};
	rootObject = A872A10320E9D82400ECE2BA /* Project object */;
}
