PODS:
  - Realm (5.5.1):
    - Realm/Headers (= 5.5.1)
  - Realm/Headers (5.5.1)
  - RealmSwift (5.5.1):
    - Realm (= 5.5.1)

DEPENDENCIES:
  - RealmSwift (= 5.5.1)

SPEC REPOS:
  trunk:
    - Realm
    - RealmSwift

SPEC CHECKSUMS:
  Realm: c2ffe0667f9c98c9ba65f608ba85684d39826145
  RealmSwift: 5a35c1c35c3e1925e6fcd092c881d5cc4a826bff

PODFILE CHECKSUM: a3b7649fff1f39354d2b202b7e60da108307fc81

COCOAPODS: 1.10.1
